
Microsoft Visual Studio Solution File, Format Version 12.00
# Visual Studio Version 16
VisualStudioVersion = 16.0.30621.155
MinimumVisualStudioVersion = 10.0.40219.1
Project("{9A19103F-16F7-4668-BE54-9A1E7A4F7556}") = "FPTSoftwareTest", "FPTSoftwareTest\FPTSoftwareTest.csproj", "{5E687A34-4046-4DFD-B6D5-B29D0DE394BA}"
EndProject
Project("{9A19103F-16F7-4668-BE54-9A1E7A4F7556}") = "NPH.Services", "NPH.Services\NPH.Services.csproj", "{C620DAA7-015A-4D1B-ACDC-A849A4DEC0CD}"
EndProject
Project("{9A19103F-16F7-4668-BE54-9A1E7A4F7556}") = "NPH.Utilities", "NPH.Utilities\NPH.Utilities.csproj", "{27AB5C02-277D-48BB-8CF3-950276D67625}"
EndProject
Project("{9A19103F-16F7-4668-BE54-9A1E7A4F7556}") = "NPH.Models", "NPH.Models\NPH.Models.csproj", "{BFA925D4-5E46-46D6-A220-4B40102D7402}"
EndProject
Project("{2150E333-8FDC-42A3-9474-1A3956D46DE8}") = "UnitTests", "UnitTests", "{66FEEE8E-DC41-44D1-9B23-30F9220B448C}"
EndProject
Project("{FAE04EC0-301F-11D3-BF4B-00C04F79EFBC}") = "NPH.ServicesTests", "NPH.ServicesTests\NPH.ServicesTests.csproj", "{1F864585-A813-43FE-84E8-0E361A938655}"
EndProject
Global
	GlobalSection(SolutionConfigurationPlatforms) = preSolution
		Debug|Any CPU = Debug|Any CPU
		Release|Any CPU = Release|Any CPU
	EndGlobalSection
	GlobalSection(ProjectConfigurationPlatforms) = postSolution
		{5E687A34-4046-4DFD-B6D5-B29D0DE394BA}.Debug|Any CPU.ActiveCfg = Debug|Any CPU
		{5E687A34-4046-4DFD-B6D5-B29D0DE394BA}.Debug|Any CPU.Build.0 = Debug|Any CPU
		{5E687A34-4046-4DFD-B6D5-B29D0DE394BA}.Release|Any CPU.ActiveCfg = Release|Any CPU
		{5E687A34-4046-4DFD-B6D5-B29D0DE394BA}.Release|Any CPU.Build.0 = Release|Any CPU
		{C620DAA7-015A-4D1B-ACDC-A849A4DEC0CD}.Debug|Any CPU.ActiveCfg = Debug|Any CPU
		{C620DAA7-015A-4D1B-ACDC-A849A4DEC0CD}.Debug|Any CPU.Build.0 = Debug|Any CPU
		{C620DAA7-015A-4D1B-ACDC-A849A4DEC0CD}.Release|Any CPU.ActiveCfg = Release|Any CPU
		{C620DAA7-015A-4D1B-ACDC-A849A4DEC0CD}.Release|Any CPU.Build.0 = Release|Any CPU
		{27AB5C02-277D-48BB-8CF3-950276D67625}.Debug|Any CPU.ActiveCfg = Debug|Any CPU
		{27AB5C02-277D-48BB-8CF3-950276D67625}.Debug|Any CPU.Build.0 = Debug|Any CPU
		{27AB5C02-277D-48BB-8CF3-950276D67625}.Release|Any CPU.ActiveCfg = Release|Any CPU
		{27AB5C02-277D-48BB-8CF3-950276D67625}.Release|Any CPU.Build.0 = Release|Any CPU
		{BFA925D4-5E46-46D6-A220-4B40102D7402}.Debug|Any CPU.ActiveCfg = Debug|Any CPU
		{BFA925D4-5E46-46D6-A220-4B40102D7402}.Debug|Any CPU.Build.0 = Debug|Any CPU
		{BFA925D4-5E46-46D6-A220-4B40102D7402}.Release|Any CPU.ActiveCfg = Release|Any CPU
		{BFA925D4-5E46-46D6-A220-4B40102D7402}.Release|Any CPU.Build.0 = Release|Any CPU
		{1F864585-A813-43FE-84E8-0E361A938655}.Debug|Any CPU.ActiveCfg = Debug|Any CPU
		{1F864585-A813-43FE-84E8-0E361A938655}.Debug|Any CPU.Build.0 = Debug|Any CPU
		{1F864585-A813-43FE-84E8-0E361A938655}.Release|Any CPU.ActiveCfg = Release|Any CPU
		{1F864585-A813-43FE-84E8-0E361A938655}.Release|Any CPU.Build.0 = Release|Any CPU
	EndGlobalSection
	GlobalSection(SolutionProperties) = preSolution
		HideSolutionNode = FALSE
	EndGlobalSection
	GlobalSection(NestedProjects) = preSolution
		{1F864585-A813-43FE-84E8-0E361A938655} = {66FEEE8E-DC41-44D1-9B23-30F9220B448C}
	EndGlobalSection
	GlobalSection(ExtensibilityGlobals) = postSolution
		SolutionGuid = {8518BA96-5AB3-422B-BF14-4A0CDF72AD80}
	EndGlobalSection
EndGlobal
